
Microsoft Visual Studio Solution File, Format Version 12.00
# Visual Studio Version 17
VisualStudioVersion = 17.0.32112.339
MinimumVisualStudioVersion = 10.0.40219.1
Project("{9A19103F-16F7-4668-BE54-9A1E7A4F7556}") = "Sudoku", "Sudoku\Sudoku.csproj", "{9BA80FA8-A454-4358-AE99-82BEC335AFA5}"
EndProject
Project("{2150E333-8FDC-42A3-9474-1A3956D46DE8}") = "Solution Items", "Solution Items", "{9791787E-9868-4261-8EA6-D462A04879E3}"
	ProjectSection(SolutionItems) = preProject
		.editorconfig = .editorconfig
	EndProjectSection
EndProject
Project("{FAE04EC0-301F-11D3-BF4B-00C04F79EFBC}") = "Sudoku.DancingLinksX", "Sudoku.DancingLinksX\Sudoku.DancingLinksX.csproj", "{71E8E1ED-D8AB-43F1-8C53-D88F613ABABE}"
EndProject
Project("{FAE04EC0-301F-11D3-BF4B-00C04F79EFBC}") = "Sudoku.Common", "Sudoku.Common\Sudoku.Common.csproj", "{4E4F0392-B203-48D9-9ADA-EF9AD88C9B60}"
EndProject
Global
	GlobalSection(SolutionConfigurationPlatforms) = preSolution
		Debug|Any CPU = Debug|Any CPU
		Release|Any CPU = Release|Any CPU
	EndGlobalSection
	GlobalSection(ProjectConfigurationPlatforms) = postSolution
		{9BA80FA8-A454-4358-AE99-82BEC335AFA5}.Debug|Any CPU.ActiveCfg = Debug|Any CPU
		{9BA80FA8-A454-4358-AE99-82BEC335AFA5}.Debug|Any CPU.Build.0 = Debug|Any CPU
		{9BA80FA8-A454-4358-AE99-82BEC335AFA5}.Release|Any CPU.ActiveCfg = Release|Any CPU
		{9BA80FA8-A454-4358-AE99-82BEC335AFA5}.Release|Any CPU.Build.0 = Release|Any CPU
		{71E8E1ED-D8AB-43F1-8C53-D88F613ABABE}.Debug|Any CPU.ActiveCfg = Debug|Any CPU
		{71E8E1ED-D8AB-43F1-8C53-D88F613ABABE}.Debug|Any CPU.Build.0 = Debug|Any CPU
		{71E8E1ED-D8AB-43F1-8C53-D88F613ABABE}.Release|Any CPU.ActiveCfg = Release|Any CPU
		{71E8E1ED-D8AB-43F1-8C53-D88F613ABABE}.Release|Any CPU.Build.0 = Release|Any CPU
		{4E4F0392-B203-48D9-9ADA-EF9AD88C9B60}.Debug|Any CPU.ActiveCfg = Debug|Any CPU
		{4E4F0392-B203-48D9-9ADA-EF9AD88C9B60}.Debug|Any CPU.Build.0 = Debug|Any CPU
		{4E4F0392-B203-48D9-9ADA-EF9AD88C9B60}.Release|Any CPU.ActiveCfg = Release|Any CPU
		{4E4F0392-B203-48D9-9ADA-EF9AD88C9B60}.Release|Any CPU.Build.0 = Release|Any CPU
	EndGlobalSection
	GlobalSection(SolutionProperties) = preSolution
		HideSolutionNode = FALSE
	EndGlobalSection
	GlobalSection(ExtensibilityGlobals) = postSolution
		SolutionGuid = {B6EC85D6-ACD6-4458-BA56-00D04CB17C4D}
	EndGlobalSection
EndGlobal
